github.com/goccy/go-yaml v1.18.0 h1:8W7wMFS12Pcas7KU+VVkaiCng+kG8QiFeFwzFb+rwuw=
github.com/goccy/go-yaml v1.18.0/go.mod h1:XBurs7gK8ATbW4ZPGKgcbrY1Br56PdM69F7LkFRi1kA=
github.com/goccy/go-yaml v1.19.2 h1:PmFC1S6h8ljIz6gMRBopkjP1TVT7xuwrButHID66PoM=
github.com/goccy/go-yaml v1.19.2/go.mod h1:XBurs7gK8ATbW4ZPGKgcbrY1Br56PdM69F7LkFRi1kA=
github.com/google/uuid v1.6.0 h1:NIvaJDMOsjHA8n1jAhLSgzrAzy1Hgr+hNrb57e+94F0=
github.com/google/uuid v1.6.0/go.mod h1:TIyPZe4MgqvfeYDBFedMoGGpEw/LqOeaOT+nhxU+yHo=
github.com/lib/pq v1.11.2 h1:x6gxUeu39V0BHZiugWe8LXZYZ+Utk7hSJGThs8sdzfs=
github.com/lib/pq v1.11.2/go.mod h1:/p+8NSbOcwzAEI7wiMXFlgydTwcgTr3OSKMsD2BitpA=
github.com/mattn/go-sqlite3 v1.14.32 h1:JD12Ag3oLy1zQA+BNn74xRgaBbdhbNIDYvQUEuuErjs=
github.com/mattn/go-sqlite3 v1.14.32/go.mod h1:Uh1q+B4BYcTPb+yiD3kU8Ct7aC0hY9fxUwlHK0RXw+Y=
github.com/shuldan/app v0.0.0-20260214215613-1dae55f6dd83 h1:mfhgrND6BH5AFjEXeqgXkifLRmgta0uKemPD3bHgNbM=
github.com/shuldan/app v0.0.0-20260214215613-1dae55f6dd83/go.mod h1:Z8xajNVqGxXvJofdCBj8mQl8Gv1xbqXn6bLjJ1kFS8M=
github.com/shuldan/cli v0.0.0-20260214231904-4ae249b58bb9 h1:22/iRqA40/KjxUI+cSJ7EVRL1/gh71BonDEMaSrDARk=
github.com/shuldan/cli v0.0.0-20260214231904-4ae249b58bb9/go.mod h1:O1XVmsh0k5c9Uef4qlN6tvjl+QTUPiEYV/Sy9SpLi4M=
github.com/shuldan/config v0.0.0-20260214155131-90ce2e532553 h1:dXGfpSnhwmtJGFRhbnM4rCzZ9xPKF62t+4yPLYKELhQ=
github.com/shuldan/config v0.0.0-20260214155131-90ce2e532553/go.mod h1:eH1IrgmlVenEI2/kstnIIB/Qdy8qGO3bIMDKwTafXQ0=
github.com/shuldan/errors v0.0.0-20260214210805-dde5519ee490 h1:0KBcthjxP3y0CUAU8aUxHx9Fh9MaiM7F/3I3Vb7g4WE=
github.com/shuldan/errors v0.0.0-20260214210805-dde5519ee490/go.mod h1:RCpYBB3Owc6pokFMAZcBKicDaJpp+IFlgRqVLzmcpQQ=
github.com/shuldan/events v0.0.0-20260214085127-59a12edef6d9 h1:IL138G0fBWc9Z8/nQKkId6VhEeCjMpirxr2M+RZKU0A=
github.com/shuldan/events v0.0.0-20260214085127-59a12edef6d9/go.mod h1:SCtbR1jDpKlt9bSU5Ch6pdAKWAyas1WRKCVG9cMhOWo=
github.com/shuldan/framework v0.0.0-20260215141839-9d0ec160aa76 h1:r3wCezBdRlg7f/y1Ht3tqyntJsxyQCCg6fVloNx0hIc=
github.com/shuldan/framework v0.0.0-20260215141839-9d0ec160aa76/go.mod h1:6JdgK/U5PRp1/YMjkPM1kBCqes7uw/PyDs7V3tH1RK8=
github.com/shuldan/migrator v0.0.0-20260214200019-5f1dd22ba11b h1:LMzF+rE6BSHiVt7rQ1IcGm1YN1P/1s7kP/40sn88Sbo=
github.com/shuldan/migrator v0.0.0-20260214200019-5f1dd22ba11b/go.mod h1:zZkYgKan3H8O+ZM+LTOzV3QBORnTKNvhHUivvwez9rc=
github.com/shuldan/queue v0.0.0-20260215005300-4609d6fa3ad8 h1:SRJGXCUFlxNY9fMOuTEu3bLz+DAhJTNGj0kVZveZVn4=
github.com/shuldan/queue v0.0.0-20260215005300-4609d6fa3ad8/go.mod h1:nsif1CtFudgpyFCKVVcn5dYlmmUfg+O15IMewQxweZU=
github.com/shuldan/repository v0.0.0-20260214010935-a747f12cbeb7 h1:8zb5BS6PcOPsN51HidUwzas4mkEKadnr5ppLLZaqTko=
github.com/shuldan/repository v0.0.0-20260214010935-a747f12cbeb7/go.mod h1:s8/3Ia+4ZLXKvb7zTUOxGmK+v9te58enPJ/BndZouYE=
github.com/shuldan/repository v0.0.0-20260217225240-6a677eb1717c h1:ei2+rLZf2Kict7YgxLAL1UKc2nkB+CoCzgswQrNQOm4=
github.com/shuldan/repository v0.0.0-20260217225240-6a677eb1717c/go.mod h1:s8/3Ia+4ZLXKvb7zTUOxGmK+v9te58enPJ/BndZouYE=
