github.com/goccy/go-yaml v1.19.2 h1:PmFC1S6h8ljIz6gMRBopkjP1TVT7xuwrButHID66PoM=
github.com/goccy/go-yaml v1.19.2/go.mod h1:XBurs7gK8ATbW4ZPGKgcbrY1Br56PdM69F7LkFRi1kA=
github.com/google/uuid v1.6.0 h1:NIvaJDMOsjHA8n1jAhLSgzrAzy1Hgr+hNrb57e+94F0=
github.com/google/uuid v1.6.0/go.mod h1:TIyPZe4MgqvfeYDBFedMoGGpEw/LqOeaOT+nhxU+yHo=
github.com/lib/pq v1.11.2 h1:x6gxUeu39V0BHZiugWe8LXZYZ+Utk7hSJGThs8sdzfs=
github.com/lib/pq v1.11.2/go.mod h1:/p+8NSbOcwzAEI7wiMXFlgydTwcgTr3OSKMsD2BitpA=
github.com/mattn/go-sqlite3 v1.14.32 h1:JD12Ag3oLy1zQA+BNn74xRgaBbdhbNIDYvQUEuuErjs=
github.com/mattn/go-sqlite3 v1.14.32/go.mod h1:Uh1q+B4BYcTPb+yiD3kU8Ct7aC0hY9fxUwlHK0RXw+Y=
github.com/shuldan/app v0.0.0-20260214215613-1dae55f6dd83 h1:mfhgrND6BH5AFjEXeqgXkifLRmgta0uKemPD3bHgNbM=
github.com/shuldan/app v0.0.0-20260214215613-1dae55f6dd83/go.mod h1:Z8xajNVqGxXvJofdCBj8mQl8Gv1xbqXn6bLjJ1kFS8M=
github.com/shuldan/cli v0.0.0-20260214231904-4ae249b58bb9 h1:22/iRqA40/KjxUI+cSJ7EVRL1/gh71BonDEMaSrDARk=
github.com/shuldan/cli v0.0.0-20260214231904-4ae249b58bb9/go.mod h1:O1XVmsh0k5c9Uef4qlN6tvjl+QTUPiEYV/Sy9SpLi4M=
github.com/shuldan/commands v0.0.0-20260314100633-c611d200ec4b h1:gEGw/y2V5RqUzgn3IYRbPfqv2QKpuUgA9jAj8BIsVaE=
github.com/shuldan/commands v0.0.0-20260314100633-c611d200ec4b/go.mod h1:mArlOB3jHvK12JNjmeXQ2vAIIGjsHdHlYH7ZtIlXeOA=
github.com/shuldan/commands v0.0.0-20260314101611-45ea3cded249 h1:rGOHiBrEvZ6ZXBlpaXt9GlBya/MTK+D3U2IamzNfaoE=
github.com/shuldan/commands v0.0.0-20260314101611-45ea3cded249/go.mod h1:mArlOB3jHvK12JNjmeXQ2vAIIGjsHdHlYH7ZtIlXeOA=
github.com/shuldan/commands v0.0.0-20260316113730-267f17e0be51 h1:1hXH8JBCEPvtrA3AayUBhMA488lo4hh+7KVsz9ApDeQ=
github.com/shuldan/commands v0.0.0-20260316113730-267f17e0be51/go.mod h1:9awsODNJa2V2pqpLspa7t9ovac2JGkHbUpgSASsIzP4=
github.com/shuldan/config v0.0.0-20260214155131-90ce2e532553 h1:dXGfpSnhwmtJGFRhbnM4rCzZ9xPKF62t+4yPLYKELhQ=
github.com/shuldan/config v0.0.0-20260214155131-90ce2e532553/go.mod h1:eH1IrgmlVenEI2/kstnIIB/Qdy8qGO3bIMDKwTafXQ0=
github.com/shuldan/errors v0.0.0-20260214210805-dde5519ee490 h1:0KBcthjxP3y0CUAU8aUxHx9Fh9MaiM7F/3I3Vb7g4WE=
github.com/shuldan/errors v0.0.0-20260214210805-dde5519ee490/go.mod h1:RCpYBB3Owc6pokFMAZcBKicDaJpp+IFlgRqVLzmcpQQ=
github.com/shuldan/events v0.0.0-20260214085127-59a12edef6d9 h1:IL138G0fBWc9Z8/nQKkId6VhEeCjMpirxr2M+RZKU0A=
github.com/shuldan/events v0.0.0-20260214085127-59a12edef6d9/go.mod h1:SCtbR1jDpKlt9bSU5Ch6pdAKWAyas1WRKCVG9cMhOWo=
github.com/shuldan/events v0.0.0-20260316223529-dd08b30104e8 h1:2lBJAmYyXPltsVyRykd9iPWftjTg6z7LtvDbGyJqhuo=
github.com/shuldan/events v0.0.0-20260316223529-dd08b30104e8/go.mod h1:nkciu1qOBMI+fJlgopcXrxPrs71noEFqsX/1UGxWCPk=
github.com/shuldan/framework v0.0.0-20260314130042-bd93475d7d12 h1:45nBh34rYkzmDG1C4dn853usSZVFsXUSvOwJ69AiLzo=
github.com/shuldan/framework v0.0.0-20260314130042-bd93475d7d12/go.mod h1:H4rExw/10Bfdkp6NDT9ByRWr+wKHvX8Fv8Dzg3vGiog=
github.com/shuldan/framework v0.0.0-20260314223629-bb75be3c2a4f h1:0ylX4U3QpQ6vwegkv40T1J1r8ViGNfXkDThed7cXcU0=
github.com/shuldan/framework v0.0.0-20260314223629-bb75be3c2a4f/go.mod h1:H4rExw/10Bfdkp6NDT9ByRWr+wKHvX8Fv8Dzg3vGiog=
github.com/shuldan/framework v0.0.0-20260317205509-535d801a8b04 h1:vI04NmgTg60FmmQMK/UgpD2dX48ngxaMjT2lsH6Va6w=
github.com/shuldan/framework v0.0.0-20260317205509-535d801a8b04/go.mod h1:ohQvQsYSm/I/a8Riv6cKgEMDQDJh6OAfHRQb1hcKEpI=
github.com/shuldan/migrator v0.0.0-20260214200019-5f1dd22ba11b h1:LMzF+rE6BSHiVt7rQ1IcGm1YN1P/1s7kP/40sn88Sbo=
github.com/shuldan/migrator v0.0.0-20260214200019-5f1dd22ba11b/go.mod h1:zZkYgKan3H8O+ZM+LTOzV3QBORnTKNvhHUivvwez9rc=
github.com/shuldan/queue v0.0.0-20260215005300-4609d6fa3ad8 h1:SRJGXCUFlxNY9fMOuTEu3bLz+DAhJTNGj0kVZveZVn4=
github.com/shuldan/queue v0.0.0-20260215005300-4609d6fa3ad8/go.mod h1:nsif1CtFudgpyFCKVVcn5dYlmmUfg+O15IMewQxweZU=
github.com/shuldan/repository v0.0.0-20260223125726-ebdc5d655c9f h1:b9YQAVO1Fy7kCzppBZxMqvwK0AGydN5dXbxzWdB46I8=
github.com/shuldan/repository v0.0.0-20260223125726-ebdc5d655c9f/go.mod h1:s8/3Ia+4ZLXKvb7zTUOxGmK+v9te58enPJ/BndZouYE=
